// !$*UTF8*$!
{
	archiveVersion = 1;
	classes = {
	};
	objectVersion = 55;
	objects = {

/* Begin PBXBuildFile section */
		710CEE2DBEB7490D565FE3DA /* Pods_CursoTestUnitarioTests.framework in Frameworks */ = {isa = PBXBuildFile; fileRef = 70CFD469CF4896C15621EE1F /* Pods_CursoTestUnitarioTests.framework */; };
		90C2DFE67A8B6E41A0A73198 /* Pods_CursoTestUnitario.framework in Frameworks */ = {isa = PBXBuildFile; fileRef = 3AD90ED8F7FA58F0D6BE7503 /* Pods_CursoTestUnitario.framework */; };
		CE21B43C2A267A83002C5066 /* AppDelegate.swift in Sources */ = {isa = PBXBuildFile; fileRef = CE21B43B2A267A83002C5066 /* AppDelegate.swift */; };
		CE21B43E2A267A83002C5066 /* SceneDelegate.swift in Sources */ = {isa = PBXBuildFile; fileRef = CE21B43D2A267A83002C5066 /* SceneDelegate.swift */; };
		CE21B4402A267A83002C5066 /* ViewController.swift in Sources */ = {isa = PBXBuildFile; fileRef = CE21B43F2A267A83002C5066 /* ViewController.swift */; };
		CE21B4432A267A83002C5066 /* Main.storyboard in Resources */ = {isa = PBXBuildFile; fileRef = CE21B4412A267A83002C5066 /* Main.storyboard */; };
		CE21B4452A267A87002C5066 /* Assets.xcassets in Resources */ = {isa = PBXBuildFile; fileRef = CE21B4442A267A87002C5066 /* Assets.xcassets */; };
		CE21B4482A267A87002C5066 /* LaunchScreen.storyboard in Resources */ = {isa = PBXBuildFile; fileRef = CE21B4462A267A87002C5066 /* LaunchScreen.storyboard */; };
		CE21B4532A267A88002C5066 /* CursoTestUnitarioTests.swift in Sources */ = {isa = PBXBuildFile; fileRef = CE21B4522A267A88002C5066 /* CursoTestUnitarioTests.swift */; };
		CE21B46C2A267C6B002C5066 /* StringUtils.swift in Sources */ = {isa = PBXBuildFile; fileRef = CE21B46B2A267C6B002C5066 /* StringUtils.swift */; };
		CE21B46E2A267E28002C5066 /* StringUtilsSpec.swift in Sources */ = {isa = PBXBuildFile; fileRef = CE21B46D2A267E28002C5066 /* StringUtilsSpec.swift */; };
		CEF093D72A40EE7B0040CA1B /* StringUtilsTests.swift in Sources */ = {isa = PBXBuildFile; fileRef = CEF093D62A40EE7B0040CA1B /* StringUtilsTests.swift */; };
/* End PBXBuildFile section */

/* Begin PBXContainerItemProxy section */
		CE21B44F2A267A88002C5066 /* PBXContainerItemProxy */ = {
			isa = PBXContainerItemProxy;
			containerPortal = CE21B4302A267A83002C5066 /* Project object */;
			proxyType = 1;
			remoteGlobalIDString = CE21B4372A267A83002C5066;
			remoteInfo = CursoTestUnitario;
		};
/* End PBXContainerItemProxy section */

/* Begin PBXFileReference section */
		3AD90ED8F7FA58F0D6BE7503 /* Pods_CursoTestUnitario.framework */ = {isa = PBXFileReference; explicitFileType = wrapper.framework; includeInIndex = 0; path = Pods_CursoTestUnitario.framework; sourceTree = BUILT_PRODUCTS_DIR; };
		5C9CF96BC2C4F5F5195C4859 /* Pods-CursoTestUnitario.debug.xcconfig */ = {isa = PBXFileReference; includeInIndex = 1; lastKnownFileType = text.xcconfig; name = "Pods-CursoTestUnitario.debug.xcconfig"; path = "Target Support Files/Pods-CursoTestUnitario/Pods-CursoTestUnitario.debug.xcconfig"; sourceTree = "<group>"; };
		70CFD469CF4896C15621EE1F /* Pods_CursoTestUnitarioTests.framework */ = {isa = PBXFileReference; explicitFileType = wrapper.framework; includeInIndex = 0; path = Pods_CursoTestUnitarioTests.framework; sourceTree = BUILT_PRODUCTS_DIR; };
		8B8C216911C74FEA4F83089F /* Pods-CursoTestUnitario.release.xcconfig */ = {isa = PBXFileReference; includeInIndex = 1; lastKnownFileType = text.xcconfig; name = "Pods-CursoTestUnitario.release.xcconfig"; path = "Target Support Files/Pods-CursoTestUnitario/Pods-CursoTestUnitario.release.xcconfig"; sourceTree = "<group>"; };
		B31F829CD511A147F6E83DF9 /* Pods-CursoTestUnitarioTests.debug.xcconfig */ = {isa = PBXFileReference; includeInIndex = 1; lastKnownFileType = text.xcconfig; name = "Pods-CursoTestUnitarioTests.debug.xcconfig"; path = "Target Support Files/Pods-CursoTestUnitarioTests/Pods-CursoTestUnitarioTests.debug.xcconfig"; sourceTree = "<group>"; };
		BDB0D4E7EA4BA554FDCFD395 /* Pods-CursoTestUnitarioTests.release.xcconfig */ = {isa = PBXFileReference; includeInIndex = 1; lastKnownFileType = text.xcconfig; name = "Pods-CursoTestUnitarioTests.release.xcconfig"; path = "Target Support Files/Pods-CursoTestUnitarioTests/Pods-CursoTestUnitarioTests.release.xcconfig"; sourceTree = "<group>"; };
		CE21B4382A267A83002C5066 /* CursoTestUnitario.app */ = {isa = PBXFileReference; explicitFileType = wrapper.application; includeInIndex = 0; path = CursoTestUnitario.app; sourceTree = BUILT_PRODUCTS_DIR; };
		CE21B43B2A267A83002C5066 /* AppDelegate.swift */ = {isa = PBXFileReference; lastKnownFileType = sourcecode.swift; path = AppDelegate.swift; sourceTree = "<group>"; };
		CE21B43D2A267A83002C5066 /* SceneDelegate.swift */ = {isa = PBXFileReference; lastKnownFileType = sourcecode.swift; path = SceneDelegate.swift; sourceTree = "<group>"; };
		CE21B43F2A267A83002C5066 /* ViewController.swift */ = {isa = PBXFileReference; lastKnownFileType = sourcecode.swift; path = ViewController.swift; sourceTree = "<group>"; };
		CE21B4422A267A83002C5066 /* Base */ = {isa = PBXFileReference; lastKnownFileType = file.storyboard; name = Base; path = Base.lproj/Main.storyboard; sourceTree = "<group>"; };
		CE21B4442A267A87002C5066 /* Assets.xcassets */ = {isa = PBXFileReference; lastKnownFileType = folder.assetcatalog; path = Assets.xcassets; sourceTree = "<group>"; };
		CE21B4472A267A87002C5066 /* Base */ = {isa = PBXFileReference; lastKnownFileType = file.storyboard; name = Base; path = Base.lproj/LaunchScreen.storyboard; sourceTree = "<group>"; };
		CE21B4492A267A88002C5066 /* Info.plist */ = {isa = PBXFileReference; lastKnownFileType = text.plist.xml; path = Info.plist; sourceTree = "<group>"; };
		CE21B44E2A267A88002C5066 /* CursoTestUnitarioTests.xctest */ = {isa = PBXFileReference; explicitFileType = wrapper.cfbundle; includeInIndex = 0; path = CursoTestUnitarioTests.xctest; sourceTree = BUILT_PRODUCTS_DIR; };
		CE21B4522A267A88002C5066 /* CursoTestUnitarioTests.swift */ = {isa = PBXFileReference; lastKnownFileType = sourcecode.swift; path = CursoTestUnitarioTests.swift; sourceTree = "<group>"; };
		CE21B46B2A267C6B002C5066 /* StringUtils.swift */ = {isa = PBXFileReference; lastKnownFileType = sourcecode.swift; path = StringUtils.swift; sourceTree = "<group>"; };
		CE21B46D2A267E28002C5066 /* StringUtilsSpec.swift */ = {isa = PBXFileReference; lastKnownFileType = sourcecode.swift; path = StringUtilsSpec.swift; sourceTree = "<group>"; };
		CEF093D62A40EE7B0040CA1B /* StringUtilsTests.swift */ = {isa = PBXFileReference; lastKnownFileType = sourcecode.swift; path = StringUtilsTests.swift; sourceTree = "<group>"; };
/* End PBXFileReference section */

/* Begin PBXFrameworksBuildPhase section */
		CE21B4352A267A83002C5066 /* Frameworks */ = {
			isa = PBXFrameworksBuildPhase;
			buildActionMask = 2147483647;
			files = (
				90C2DFE67A8B6E41A0A73198 /* Pods_CursoTestUnitario.framework in Frameworks */,
			);
			runOnlyForDeploymentPostprocessing = 0;
		};
		CE21B44B2A267A88002C5066 /* Frameworks */ = {
			isa = PBXFrameworksBuildPhase;
			buildActionMask = 2147483647;
			files = (
				710CEE2DBEB7490D565FE3DA /* Pods_CursoTestUnitarioTests.framework in Frameworks */,
			);
			runOnlyForDeploymentPostprocessing = 0;
		};
/* End PBXFrameworksBuildPhase section */

/* Begin PBXGroup section */
		6D91F4D9D3EB90AEE45D01C9 /* Pods */ = {
			isa = PBXGroup;
			children = (
				5C9CF96BC2C4F5F5195C4859 /* Pods-CursoTestUnitario.debug.xcconfig */,
				8B8C216911C74FEA4F83089F /* Pods-CursoTestUnitario.release.xcconfig */,
				B31F829CD511A147F6E83DF9 /* Pods-CursoTestUnitarioTests.debug.xcconfig */,
				BDB0D4E7EA4BA554FDCFD395 /* Pods-CursoTestUnitarioTests.release.xcconfig */,
			);
			path = Pods;
			sourceTree = "<group>";
		};
		CE21B42F2A267A83002C5066 = {
			isa = PBXGroup;
			children = (
				CE21B43A2A267A83002C5066 /* CursoTestUnitario */,
				CE21B4512A267A88002C5066 /* CursoTestUnitarioTests */,
				CE21B4392A267A83002C5066 /* Products */,
				6D91F4D9D3EB90AEE45D01C9 /* Pods */,
				EBA68C53B9805517913002A1 /* Frameworks */,
			);
			sourceTree = "<group>";
		};
		CE21B4392A267A83002C5066 /* Products */ = {
			isa = PBXGroup;
			children = (
				CE21B4382A267A83002C5066 /* CursoTestUnitario.app */,
				CE21B44E2A267A88002C5066 /* CursoTestUnitarioTests.xctest */,
			);
			name = Products;
			sourceTree = "<group>";
		};
		CE21B43A2A267A83002C5066 /* CursoTestUnitario */ = {
			isa = PBXGroup;
			children = (
				CE21B43B2A267A83002C5066 /* AppDelegate.swift */,
				CE21B43D2A267A83002C5066 /* SceneDelegate.swift */,
				CE21B43F2A267A83002C5066 /* ViewController.swift */,
				CE21B46B2A267C6B002C5066 /* StringUtils.swift */,
				CE21B4412A267A83002C5066 /* Main.storyboard */,
				CE21B4442A267A87002C5066 /* Assets.xcassets */,
				CE21B4462A267A87002C5066 /* LaunchScreen.storyboard */,
				CE21B4492A267A88002C5066 /* Info.plist */,
			);
			path = CursoTestUnitario;
			sourceTree = "<group>";
		};
		CE21B4512A267A88002C5066 /* CursoTestUnitarioTests */ = {
			isa = PBXGroup;
			children = (
				CE21B4522A267A88002C5066 /* CursoTestUnitarioTests.swift */,
				CE21B46D2A267E28002C5066 /* StringUtilsSpec.swift */,
				CEF093D62A40EE7B0040CA1B /* StringUtilsTests.swift */,
			);
			path = CursoTestUnitarioTests;
			sourceTree = "<group>";
		};
		EBA68C53B9805517913002A1 /* Frameworks */ = {
			isa = PBXGroup;
			children = (
				3AD90ED8F7FA58F0D6BE7503 /* Pods_CursoTestUnitario.framework */,
				70CFD469CF4896C15621EE1F /* Pods_CursoTestUnitarioTests.framework */,
			);
			name = Frameworks;
			sourceTree = "<group>";
		};
/* End PBXGroup section */

/* Begin PBXNativeTarget section */
		CE21B4372A267A83002C5066 /* CursoTestUnitario */ = {
			isa = PBXNativeTarget;
			buildConfigurationList = CE21B4622A267A88002C5066 /* Build configuration list for PBXNativeTarget "CursoTestUnitario" */;
			buildPhases = (
				D7BBE601215AC1B91052A845 /* [CP] Check Pods Manifest.lock */,
				CE21B4342A267A83002C5066 /* Sources */,
				CE21B4352A267A83002C5066 /* Frameworks */,
				CE21B4362A267A83002C5066 /* Resources */,
			);
			buildRules = (
			);
			dependencies = (
			);
			name = CursoTestUnitario;
			productName = CursoTestUnitario;
			productReference = CE21B4382A267A83002C5066 /* CursoTestUnitario.app */;
			productType = "com.apple.product-type.application";
		};
		CE21B44D2A267A88002C5066 /* CursoTestUnitarioTests */ = {
			isa = PBXNativeTarget;
			buildConfigurationList = CE21B4652A267A88002C5066 /* Build configuration list for PBXNativeTarget "CursoTestUnitarioTests" */;
			buildPhases = (
				D1A5F80C368EFAB53BE9F176 /* [CP] Check Pods Manifest.lock */,
				CE21B44A2A267A88002C5066 /* Sources */,
				CE21B44B2A267A88002C5066 /* Frameworks */,
				CE21B44C2A267A88002C5066 /* Resources */,
				ABF57880D8030E8E82DBC385 /* [CP] Embed Pods Frameworks */,
			);
			buildRules = (
			);
			dependencies = (
				CE21B4502A267A88002C5066 /* PBXTargetDependency */,
			);
			name = CursoTestUnitarioTests;
			productName = CursoTestUnitarioTests;
			productReference = CE21B44E2A267A88002C5066 /* CursoTestUnitarioTests.xctest */;
			productType = "com.apple.product-type.bundle.unit-test";
		};
/* End PBXNativeTarget section */

/* Begin PBXProject section */
		CE21B4302A267A83002C5066 /* Project object */ = {
			isa = PBXProject;
			attributes = {
				BuildIndependentTargetsInParallel = 1;
				LastSwiftUpdateCheck = 1330;
				LastUpgradeCheck = 1330;
				TargetAttributes = {
					CE21B4372A267A83002C5066 = {
						CreatedOnToolsVersion = 13.3.1;
					};
					CE21B44D2A267A88002C5066 = {
						CreatedOnToolsVersion = 13.3.1;
						TestTargetID = CE21B4372A267A83002C5066;
					};
				};
			};
			buildConfigurationList = CE21B4332A267A83002C5066 /* Build configuration list for PBXProject "CursoTestUnitario" */;
			compatibilityVersion = "Xcode 13.0";
			developmentRegion = en;
			hasScannedForEncodings = 0;
			knownRegions = (
				en,
				Base,
			);
			mainGroup = CE21B42F2A267A83002C5066;
			productRefGroup = CE21B4392A267A83002C5066 /* Products */;
			projectDirPath = "";
			projectRoot = "";
			targets = (
				CE21B4372A267A83002C5066 /* CursoTestUnitario */,
				CE21B44D2A267A88002C5066 /* CursoTestUnitarioTests */,
			);
		};
/* End PBXProject section */

/* Begin PBXResourcesBuildPhase section */
		CE21B4362A267A83002C5066 /* Resources */ = {
			isa = PBXResourcesBuildPhase;
			buildActionMask = 2147483647;
			files = (
				CE21B4482A267A87002C5066 /* LaunchScreen.storyboard in Resources */,
				CE21B4452A267A87002C5066 /* Assets.xcassets in Resources */,
				CE21B4432A267A83002C5066 /* Main.storyboard in Resources */,
			);
			runOnlyForDeploymentPostprocessing = 0;
		};
		CE21B44C2A267A88002C5066 /* Resources */ = {
			isa = PBXResourcesBuildPhase;
			buildActionMask = 2147483647;
			files = (
			);
			runOnlyForDeploymentPostprocessing = 0;
		};
/* End PBXResourcesBuildPhase section */

/* Begin PBXShellScriptBuildPhase section */
		ABF57880D8030E8E82DBC385 /* [CP] Embed Pods Frameworks */ = {
			isa = PBXShellScriptBuildPhase;
			buildActionMask = 2147483647;
			files = (
			);
			inputFileListPaths = (
				"${PODS_ROOT}/Target Support Files/Pods-CursoTestUnitarioTests/Pods-CursoTestUnitarioTests-frameworks-${CONFIGURATION}-input-files.xcfilelist",
			);
			name = "[CP] Embed Pods Frameworks";
			outputFileListPaths = (
				"${PODS_ROOT}/Target Support Files/Pods-CursoTestUnitarioTests/Pods-CursoTestUnitarioTests-frameworks-${CONFIGURATION}-output-files.xcfilelist",
			);
			runOnlyForDeploymentPostprocessing = 0;
			shellPath = /bin/sh;
			shellScript = "\"${PODS_ROOT}/Target Support Files/Pods-CursoTestUnitarioTests/Pods-CursoTestUnitarioTests-frameworks.sh\"\n";
			showEnvVarsInLog = 0;
		};
		D1A5F80C368EFAB53BE9F176 /* [CP] Check Pods Manifest.lock */ = {
			isa = PBXShellScriptBuildPhase;
			buildActionMask = 2147483647;
			files = (
			);
			inputFileListPaths = (
			);
			inputPaths = (
				"${PODS_PODFILE_DIR_PATH}/Podfile.lock",
				"${PODS_ROOT}/Manifest.lock",
			);
			name = "[CP] Check Pods Manifest.lock";
			outputFileListPaths = (
			);
			outputPaths = (
				"$(DERIVED_FILE_DIR)/Pods-CursoTestUnitarioTests-checkManifestLockResult.txt",
			);
			runOnlyForDeploymentPostprocessing = 0;
			shellPath = /bin/sh;
			shellScript = "diff \"${PODS_PODFILE_DIR_PATH}/Podfile.lock\" \"${PODS_ROOT}/Manifest.lock\" > /dev/null\nif [ $? != 0 ] ; then\n    # print error to STDERR\n    echo \"error: The sandbox is not in sync with the Podfile.lock. Run 'pod install' or update your CocoaPods installation.\" >&2\n    exit 1\nfi\n# This output is used by Xcode 'outputs' to avoid re-running this script phase.\necho \"SUCCESS\" > \"${SCRIPT_OUTPUT_FILE_0}\"\n";
			showEnvVarsInLog = 0;
		};
		D7BBE601215AC1B91052A845 /* [CP] Check Pods Manifest.lock */ = {
			isa = PBXShellScriptBuildPhase;
			buildActionMask = 2147483647;
			files = (
			);
			inputFileListPaths = (
			);
			inputPaths = (
				"${PODS_PODFILE_DIR_PATH}/Podfile.lock",
				"${PODS_ROOT}/Manifest.lock",
			);
			name = "[CP] Check Pods Manifest.lock";
			outputFileListPaths = (
			);
			outputPaths = (
				"$(DERIVED_FILE_DIR)/Pods-CursoTestUnitario-checkManifestLockResult.txt",
			);
			runOnlyForDeploymentPostprocessing = 0;
			shellPath = /bin/sh;
			shellScript = "diff \"${PODS_PODFILE_DIR_PATH}/Podfile.lock\" \"${PODS_ROOT}/Manifest.lock\" > /dev/null\nif [ $? != 0 ] ; then\n    # print error to STDERR\n    echo \"error: The sandbox is not in sync with the Podfile.lock. Run 'pod install' or update your CocoaPods installation.\" >&2\n    exit 1\nfi\n# This output is used by Xcode 'outputs' to avoid re-running this script phase.\necho \"SUCCESS\" > \"${SCRIPT_OUTPUT_FILE_0}\"\n";
			showEnvVarsInLog = 0;
		};
/* End PBXShellScriptBuildPhase section */

/* Begin PBXSourcesBuildPhase section */
		CE21B4342A267A83002C5066 /* Sources */ = {
			isa = PBXSourcesBuildPhase;
			buildActionMask = 2147483647;
			files = (
				CE21B46C2A267C6B002C5066 /* StringUtils.swift in Sources */,
				CE21B4402A267A83002C5066 /* ViewController.swift in Sources */,
				CE21B43C2A267A83002C5066 /* AppDelegate.swift in Sources */,
				CE21B43E2A267A83002C5066 /* SceneDelegate.swift in Sources */,
			);
			runOnlyForDeploymentPostprocessing = 0;
		};
		CE21B44A2A267A88002C5066 /* Sources */ = {
			isa = PBXSourcesBuildPhase;
			buildActionMask = 2147483647;
			files = (
				CE21B4532A267A88002C5066 /* CursoTestUnitarioTests.swift in Sources */,
				CE21B46E2A267E28002C5066 /* StringUtilsSpec.swift in Sources */,
				CEF093D72A40EE7B0040CA1B /* StringUtilsTests.swift in Sources */,
			);
			runOnlyForDeploymentPostprocessing = 0;
		};
/* End PBXSourcesBuildPhase section */

/* Begin PBXTargetDependency section */
		CE21B4502A267A88002C5066 /* PBXTargetDependency */ = {
			isa = PBXTargetDependency;
			target = CE21B4372A267A83002C5066 /* CursoTestUnitario */;
			targetProxy = CE21B44F2A267A88002C5066 /* PBXContainerItemProxy */;
		};
/* End PBXTargetDependency section */

/* Begin PBXVariantGroup section */
		CE21B4412A267A83002C5066 /* Main.storyboard */ = {
			isa = PBXVariantGroup;
			children = (
				CE21B4422A267A83002C5066 /* Base */,
			);
			name = Main.storyboard;
			sourceTree = "<group>";
		};
		CE21B4462A267A87002C5066 /* LaunchScreen.storyboard */ = {
			isa = PBXVariantGroup;
			children = (
				CE21B4472A267A87002C5066 /* Base */,
			);
			name = LaunchScreen.storyboard;
			sourceTree = "<group>";
		};
/* End PBXVariantGroup section */

/* Begin XCBuildConfiguration section */
		CE21B4602A267A88002C5066 /* Debug */ = {
			isa = XCBuildConfiguration;
			buildSettings = {
				ALWAYS_SEARCH_USER_PATHS = NO;
				CLANG_ANALYZER_NONNULL = YES;
				CLANG_ANALYZER_NUMBER_OBJECT_CONVERSION = YES_AGGRESSIVE;
				CLANG_CXX_LANGUAGE_STANDARD = "gnu++17";
				CLANG_ENABLE_MODULES = YES;
				CLANG_ENABLE_OBJC_ARC = YES;
				CLANG_ENABLE_OBJC_WEAK = YES;
				CLANG_WARN_BLOCK_CAPTURE_AUTORELEASING = YES;
				CLANG_WARN_BOOL_CONVERSION = YES;
				CLANG_WARN_COMMA = YES;
				CLANG_WARN_CONSTANT_CONVERSION = YES;
				CLANG_WARN_DEPRECATED_OBJC_IMPLEMENTATIONS = YES;
				CLANG_WARN_DIRECT_OBJC_ISA_USAGE = YES_ERROR;
				CLANG_WARN_DOCUMENTATION_COMMENTS = YES;
				CLANG_WARN_EMPTY_BODY = YES;
				CLANG_WARN_ENUM_CONVERSION = YES;
				CLANG_WARN_INFINITE_RECURSION = YES;
				CLANG_WARN_INT_CONVERSION = YES;
				CLANG_WARN_NON_LITERAL_NULL_CONVERSION = YES;
				CLANG_WARN_OBJC_IMPLICIT_RETAIN_SELF = YES;
				CLANG_WARN_OBJC_LITERAL_CONVERSION = YES;
				CLANG_WARN_OBJC_ROOT_CLASS = YES_ERROR;
				CLANG_WARN_QUOTED_INCLUDE_IN_FRAMEWORK_HEADER = YES;
				CLANG_WARN_RANGE_LOOP_ANALYSIS = YES;
				CLANG_WARN_STRICT_PROTOTYPES = YES;
				CLANG_WARN_SUSPICIOUS_MOVE = YES;
				CLANG_WARN_UNGUARDED_AVAILABILITY = YES_AGGRESSIVE;
				CLANG_WARN_UNREACHABLE_CODE = YES;
				CLANG_WARN__DUPLICATE_METHOD_MATCH = YES;
				COPY_PHASE_STRIP = NO;
				DEBUG_INFORMATION_FORMAT = dwarf;
				ENABLE_STRICT_OBJC_MSGSEND = YES;
				ENABLE_TESTABILITY = YES;
				GCC_C_LANGUAGE_STANDARD = gnu11;
				GCC_DYNAMIC_NO_PIC = NO;
				GCC_NO_COMMON_BLOCKS = YES;
				GCC_OPTIMIZATION_LEVEL = 0;
				GCC_PREPROCESSOR_DEFINITIONS = (
					"DEBUG=1",
					"$(inherited)",
				);
				GCC_WARN_64_TO_32_BIT_CONVERSION = YES;
				GCC_WARN_ABOUT_RETURN_TYPE = YES_ERROR;
				GCC_WARN_UNDECLARED_SELECTOR = YES;
				GCC_WARN_UNINITIALIZED_AUTOS = YES_AGGRESSIVE;
				GCC_WARN_UNUSED_FUNCTION = YES;
				GCC_WARN_UNUSED_VARIABLE = YES;
				IPHONEOS_DEPLOYMENT_TARGET = 15.4;
				MTL_ENABLE_DEBUG_INFO = INCLUDE_SOURCE;
				MTL_FAST_MATH = YES;
				ONLY_ACTIVE_ARCH = YES;
				SDKROOT = iphoneos;
				SWIFT_ACTIVE_COMPILATION_CONDITIONS = DEBUG;
				SWIFT_OPTIMIZATION_LEVEL = "-Onone";
			};
			name = Debug;
		};
		CE21B4612A267A88002C5066 /* Release */ = {
			isa = XCBuildConfiguration;
			buildSettings = {
				ALWAYS_SEARCH_USER_PATHS = NO;
				CLANG_ANALYZER_NONNULL = YES;
				CLANG_ANALYZER_NUMBER_OBJECT_CONVERSION = YES_AGGRESSIVE;
				CLANG_CXX_LANGUAGE_STANDARD = "gnu++17";
				CLANG_ENABLE_MODULES = YES;
				CLANG_ENABLE_OBJC_ARC = YES;
				CLANG_ENABLE_OBJC_WEAK = YES;
				CLANG_WARN_BLOCK_CAPTURE_AUTORELEASING = YES;
				CLANG_WARN_BOOL_CONVERSION = YES;
				CLANG_WARN_COMMA = YES;
				CLANG_WARN_CONSTANT_CONVERSION = YES;
				CLANG_WARN_DEPRECATED_OBJC_IMPLEMENTATIONS = YES;
				CLANG_WARN_DIRECT_OBJC_ISA_USAGE = YES_ERROR;
				CLANG_WARN_DOCUMENTATION_COMMENTS = YES;
				CLANG_WARN_EMPTY_BODY = YES;
				CLANG_WARN_ENUM_CONVERSION = YES;
				CLANG_WARN_INFINITE_RECURSION = YES;
				CLANG_WARN_INT_CONVERSION = YES;
				CLANG_WARN_NON_LITERAL_NULL_CONVERSION = YES;
				CLANG_WARN_OBJC_IMPLICIT_RETAIN_SELF = YES;
				CLANG_WARN_OBJC_LITERAL_CONVERSION = YES;
				CLANG_WARN_OBJC_ROOT_CLASS = YES_ERROR;
				CLANG_WARN_QUOTED_INCLUDE_IN_FRAMEWORK_HEADER = YES;
				CLANG_WARN_RANGE_LOOP_ANALYSIS = YES;
				CLANG_WARN_STRICT_PROTOTYPES = YES;
				CLANG_WARN_SUSPICIOUS_MOVE = YES;
				CLANG_WARN_UNGUARDED_AVAILABILITY = YES_AGGRESSIVE;
				CLANG_WARN_UNREACHABLE_CODE = YES;
				CLANG_WARN__DUPLICATE_METHOD_MATCH = YES;
				COPY_PHASE_STRIP = NO;
				DEBUG_INFORMATION_FORMAT = "dwarf-with-dsym";
				ENABLE_NS_ASSERTIONS = NO;
				ENABLE_STRICT_OBJC_MSGSEND = YES;
				GCC_C_LANGUAGE_STANDARD = gnu11;
				GCC_NO_COMMON_BLOCKS = YES;
				GCC_WARN_64_TO_32_BIT_CONVERSION = YES;
				GCC_WARN_ABOUT_RETURN_TYPE = YES_ERROR;
				GCC_WARN_UNDECLARED_SELECTOR = YES;
				GCC_WARN_UNINITIALIZED_AUTOS = YES_AGGRESSIVE;
				GCC_WARN_UNUSED_FUNCTION = YES;
				GCC_WARN_UNUSED_VARIABLE = YES;
				IPHONEOS_DEPLOYMENT_TARGET = 15.4;
				MTL_ENABLE_DEBUG_INFO = NO;
				MTL_FAST_MATH = YES;
				SDKROOT = iphoneos;
				SWIFT_COMPILATION_MODE = wholemodule;
				SWIFT_OPTIMIZATION_LEVEL = "-O";
				VALIDATE_PRODUCT = YES;
			};
			name = Release;
		};
		CE21B4632A267A88002C5066 /* Debug */ = {
			isa = XCBuildConfiguration;
			baseConfigurationReference = 5C9CF96BC2C4F5F5195C4859 /* Pods-CursoTestUnitario.debug.xcconfig */;
			buildSettings = {
				ASSETCATALOG_COMPILER_APPICON_NAME = AppIcon;
				ASSETCATALOG_COMPILER_GLOBAL_ACCENT_COLOR_NAME = AccentColor;
				CODE_SIGN_STYLE = Automatic;
				CURRENT_PROJECT_VERSION = 1;
				DEVELOPMENT_TEAM = 96BGR9J6TU;
				GENERATE_INFOPLIST_FILE = YES;
				INFOPLIST_FILE = CursoTestUnitario/Info.plist;
				INFOPLIST_KEY_UIApplicationSupportsIndirectInputEvents = YES;
				INFOPLIST_KEY_UILaunchStoryboardName = LaunchScreen;
				INFOPLIST_KEY_UIMainStoryboardFile = Main;
				INFOPLIST_KEY_UISupportedInterfaceOrientations = UIInterfaceOrientationPortrait;
				INFOPLIST_KEY_UISupportedInterfaceOrientations_iPad = "UIInterfaceOrientationPortrait UIInterfaceOrientationPortraitUpsideDown UIInterfaceOrientationLandscapeLeft UIInterfaceOrientationLandscapeRight";
				INFOPLIST_KEY_UISupportedInterfaceOrientations_iPhone = "UIInterfaceOrientationPortrait UIInterfaceOrientationLandscapeLeft UIInterfaceOrientationLandscapeRight";
				LD_RUNPATH_SEARCH_PATHS = (
					"$(inherited)",
					"@executable_path/Frameworks",
				);
				MARKETING_VERSION = 1.0;
				PRODUCT_BUNDLE_IDENTIFIER = com.pedroroca.CursoTestUnitario;
				PRODUCT_NAME = "$(TARGET_NAME)";
				SWIFT_EMIT_LOC_STRINGS = YES;
				SWIFT_VERSION = 5.0;
				TARGETED_DEVICE_FAMILY = "1,2";
			};
			name = Debug;
		};
		CE21B4642A267A88002C5066 /* Release */ = {
			isa = XCBuildConfiguration;
			baseConfigurationReference = 8B8C216911C74FEA4F83089F /* Pods-CursoTestUnitario.release.xcconfig */;
			buildSettings = {
				ASSETCATALOG_COMPILER_APPICON_NAME = AppIcon;
				ASSETCATALOG_COMPILER_GLOBAL_ACCENT_COLOR_NAME = AccentColor;
				CODE_SIGN_STYLE = Automatic;
				CURRENT_PROJECT_VERSION = 1;
				DEVELOPMENT_TEAM = 96BGR9J6TU;
				GENERATE_INFOPLIST_FILE = YES;
				INFOPLIST_FILE = CursoTestUnitario/Info.plist;
				INFOPLIST_KEY_UIApplicationSupportsIndirectInputEvents = YES;
				INFOPLIST_KEY_UILaunchStoryboardName = LaunchScreen;
				INFOPLIST_KEY_UIMainStoryboardFile = Main;
				INFOPLIST_KEY_UISupportedInterfaceOrientations = UIInterfaceOrientationPortrait;
				INFOPLIST_KEY_UISupportedInterfaceOrientations_iPad = "UIInterfaceOrientationPortrait UIInterfaceOrientationPortraitUpsideDown UIInterfaceOrientationLandscapeLeft UIInterfaceOrientationLandscapeRight";
				INFOPLIST_KEY_UISupportedInterfaceOrientations_iPhone = "UIInterfaceOrientationPortrait UIInterfaceOrientationLandscapeLeft UIInterfaceOrientationLandscapeRight";
				LD_RUNPATH_SEARCH_PATHS = (
					"$(inherited)",
					"@executable_path/Frameworks",
				);
				MARKETING_VERSION = 1.0;
				PRODUCT_BUNDLE_IDENTIFIER = com.pedroroca.CursoTestUnitario;
				PRODUCT_NAME = "$(TARGET_NAME)";
				SWIFT_EMIT_LOC_STRINGS = YES;
				SWIFT_VERSION = 5.0;
				TARGETED_DEVICE_FAMILY = "1,2";
			};
			name = Release;
		};
		CE21B4662A267A88002C5066 /* Debug */ = {
			isa = XCBuildConfiguration;
			baseConfigurationReference = B31F829CD511A147F6E83DF9 /* Pods-CursoTestUnitarioTests.debug.xcconfig */;
			buildSettings = {
				ALWAYS_EMBED_SWIFT_STANDARD_LIBRARIES = YES;
				BUNDLE_LOADER = "$(TEST_HOST)";
				CODE_SIGN_STYLE = Automatic;
				CURRENT_PROJECT_VERSION = 1;
				DEVELOPMENT_TEAM = 96BGR9J6TU;
				GENERATE_INFOPLIST_FILE = YES;
				IPHONEOS_DEPLOYMENT_TARGET = 15.4;
				MARKETING_VERSION = 1.0;
				PRODUCT_BUNDLE_IDENTIFIER = com.pedroroca.CursoTestUnitarioTests;
				PRODUCT_NAME = "$(TARGET_NAME)";
				SWIFT_EMIT_LOC_STRINGS = NO;
				SWIFT_VERSION = 5.0;
				TARGETED_DEVICE_FAMILY = "1,2";
				TEST_HOST = "$(BUILT_PRODUCTS_DIR)/CursoTestUnitario.app/CursoTestUnitario";
			};
			name = Debug;
		};
		CE21B4672A267A88002C5066 /* Release */ = {
			isa = XCBuildConfiguration;
			baseConfigurationReference = BDB0D4E7EA4BA554FDCFD395 /* Pods-CursoTestUnitarioTests.release.xcconfig */;
			buildSettings = {
				ALWAYS_EMBED_SWIFT_STANDARD_LIBRARIES = YES;
				BUNDLE_LOADER = "$(TEST_HOST)";
				CODE_SIGN_STYLE = Automatic;
				CURRENT_PROJECT_VERSION = 1;
				DEVELOPMENT_TEAM = 96BGR9J6TU;
				GENERATE_INFOPLIST_FILE = YES;
				IPHONEOS_DEPLOYMENT_TARGET = 15.4;
				MARKETING_VERSION = 1.0;
				PRODUCT_BUNDLE_IDENTIFIER = com.pedroroca.CursoTestUnitarioTests;
				PRODUCT_NAME = "$(TARGET_NAME)";
				SWIFT_EMIT_LOC_STRINGS = NO;
				SWIFT_VERSION = 5.0;
				TARGETED_DEVICE_FAMILY = "1,2";
				TEST_HOST = "$(BUILT_PRODUCTS_DIR)/CursoTestUnitario.app/CursoTestUnitario";
			};
			name = Release;
		};
/* End XCBuildConfiguration section */

/* Begin XCConfigurationList section */
		CE21B4332A267A83002C5066 /* Build configuration list for PBXProject "CursoTestUnitario" */ = {
			isa = XCConfigurationList;
			buildConfigurations = (
				CE21B4602A267A88002C5066 /* Debug */,
				CE21B4612A267A88002C5066 /* Release */,
			);
			defaultConfigurationIsVisible = 0;
			defaultConfigurationName = Release;
		};
		CE21B4622A267A88002C5066 /* Build configuration list for PBXNativeTarget "CursoTestUnitario" */ = {
			isa = XCConfigurationList;
			buildConfigurations = (
				CE21B4632A267A88002C5066 /* Debug */,
				CE21B4642A267A88002C5066 /* Release */,
			);
			defaultConfigurationIsVisible = 0;
			defaultConfigurationName = Release;
		};
		CE21B4652A267A88002C5066 /* Build configuration list for PBXNativeTarget "CursoTestUnitarioTests" */ = {
			isa = XCConfigurationList;
			buildConfigurations = (
				CE21B4662A267A88002C5066 /* Debug */,
				CE21B4672A267A88002C5066 /* Release */,
			);
			defaultConfigurationIsVisible = 0;
			defaultConfigurationName = Release;
		};
/* End XCConfigurationList section */
	};
	rootObject = CE21B4302A267A83002C5066 /* Project object */;
}
