// !$*UTF8*$!
{
	archiveVersion = 1;
	classes = {
	};
	objectVersion = 55;
	objects = {

/* Begin PBXBuildFile section */
		CE21B43C2A267A83002C5066 /* AppDelegate.swift in Sources */ = {isa = PBXBuildFile; fileRef = CE21B43B2A267A83002C5066 /* AppDelegate.swift */; };
		CE21B43E2A267A83002C5066 /* SceneDelegate.swift in Sources */ = {isa = PBXBuildFile; fileRef = CE21B43D2A267A83002C5066 /* SceneDelegate.swift */; };
		CE21B4402A267A83002C5066 /* ViewController.swift in Sources */ = {isa = PBXBuildFile; fileRef = CE21B43F2A267A83002C5066 /* ViewController.swift */; };
		CE21B4432A267A83002C5066 /* Main.storyboard in Resources */ = {isa = PBXBuildFile; fileRef = CE21B4412A267A83002C5066 /* Main.storyboard */; };
		CE21B4452A267A87002C5066 /* Assets.xcassets in Resources */ = {isa = PBXBuildFile; fileRef = CE21B4442A267A87002C5066 /* Assets.xcassets */; };
		CE21B4482A267A87002C5066 /* LaunchScreen.storyboard in Resources */ = {isa = PBXBuildFile; fileRef = CE21B4462A267A87002C5066 /* LaunchScreen.storyboard */; };
		CE21B4532A267A88002C5066 /* CursoTestUnitarioTests.swift in Sources */ = {isa = PBXBuildFile; fileRef = CE21B4522A267A88002C5066 /* CursoTestUnitarioTests.swift */; };
		CE21B45D2A267A88002C5066 /* CursoTestUnitarioUITests.swift in Sources */ = {isa = PBXBuildFile; fileRef = CE21B45C2A267A88002C5066 /* CursoTestUnitarioUITests.swift */; };
		CE21B45F2A267A88002C5066 /* CursoTestUnitarioUITestsLaunchTests.swift in Sources */ = {isa = PBXBuildFile; fileRef = CE21B45E2A267A88002C5066 /* CursoTestUnitarioUITestsLaunchTests.swift */; };
/* End PBXBuildFile section */

/* Begin PBXContainerItemProxy section */
		CE21B44F2A267A88002C5066 /* PBXContainerItemProxy */ = {
			isa = PBXContainerItemProxy;
			containerPortal = CE21B4302A267A83002C5066 /* Project object */;
			proxyType = 1;
			remoteGlobalIDString = CE21B4372A267A83002C5066;
			remoteInfo = CursoTestUnitario;
		};
		CE21B4592A267A88002C5066 /* PBXContainerItemProxy */ = {
			isa = PBXContainerItemProxy;
			containerPortal = CE21B4302A267A83002C5066 /* Project object */;
			proxyType = 1;
			remoteGlobalIDString = CE21B4372A267A83002C5066;
			remoteInfo = CursoTestUnitario;
		};
/* End PBXContainerItemProxy section */

/* Begin PBXFileReference section */
		CE21B4382A267A83002C5066 /* CursoTestUnitario.app */ = {isa = PBXFileReference; explicitFileType = wrapper.application; includeInIndex = 0; path = CursoTestUnitario.app; sourceTree = BUILT_PRODUCTS_DIR; };
		CE21B43B2A267A83002C5066 /* AppDelegate.swift */ = {isa = PBXFileReference; lastKnownFileType = sourcecode.swift; path = AppDelegate.swift; sourceTree = "<group>"; };
		CE21B43D2A267A83002C5066 /* SceneDelegate.swift */ = {isa = PBXFileReference; lastKnownFileType = sourcecode.swift; path = SceneDelegate.swift; sourceTree = "<group>"; };
		CE21B43F2A267A83002C5066 /* ViewController.swift */ = {isa = PBXFileReference; lastKnownFileType = sourcecode.swift; path = ViewController.swift; sourceTree = "<group>"; };
		CE21B4422A267A83002C5066 /* Base */ = {isa = PBXFileReference; lastKnownFileType = file.storyboard; name = Base; path = Base.lproj/Main.storyboard; sourceTree = "<group>"; };
		CE21B4442A267A87002C5066 /* Assets.xcassets */ = {isa = PBXFileReference; lastKnownFileType = folder.assetcatalog; path = Assets.xcassets; sourceTree = "<group>"; };
		CE21B4472A267A87002C5066 /* Base */ = {isa = PBXFileReference; lastKnownFileType = file.storyboard; name = Base; path = Base.lproj/LaunchScreen.storyboard; sourceTree = "<group>"; };
		CE21B4492A267A88002C5066 /* Info.plist */ = {isa = PBXFileReference; lastKnownFileType = text.plist.xml; path = Info.plist; sourceTree = "<group>"; };
		CE21B44E2A267A88002C5066 /* CursoTestUnitarioTests.xctest */ = {isa = PBXFileReference; explicitFileType = wrapper.cfbundle; includeInIndex = 0; path = CursoTestUnitarioTests.xctest; sourceTree = BUILT_PRODUCTS_DIR; };
		CE21B4522A267A88002C5066 /* CursoTestUnitarioTests.swift */ = {isa = PBXFileReference; lastKnownFileType = sourcecode.swift; path = CursoTestUnitarioTests.swift; sourceTree = "<group>"; };
		CE21B4582A267A88002C5066 /* CursoTestUnitarioUITests.xctest */ = {isa = PBXFileReference; explicitFileType = wrapper.cfbundle; includeInIndex = 0; path = CursoTestUnitarioUITests.xctest; sourceTree = BUILT_PRODUCTS_DIR; };
		CE21B45C2A267A88002C5066 /* CursoTestUnitarioUITests.swift */ = {isa = PBXFileReference; lastKnownFileType = sourcecode.swift; path = CursoTestUnitarioUITests.swift; sourceTree = "<group>"; };
		CE21B45E2A267A88002C5066 /* CursoTestUnitarioUITestsLaunchTests.swift */ = {isa = PBXFileReference; lastKnownFileType = sourcecode.swift; path = CursoTestUnitarioUITestsLaunchTests.swift; sourceTree = "<group>"; };
/* End PBXFileReference section */

/* Begin PBXFrameworksBuildPhase section */
		CE21B4352A267A83002C5066 /* Frameworks */ = {
			isa = PBXFrameworksBuildPhase;
			buildActionMask = 2147483647;
			files = (
			);
			runOnlyForDeploymentPostprocessing = 0;
		};
		CE21B44B2A267A88002C5066 /* Frameworks */ = {
			isa = PBXFrameworksBuildPhase;
			buildActionMask = 2147483647;
			files = (
			);
			runOnlyForDeploymentPostprocessing = 0;
		};
		CE21B4552A267A88002C5066 /* Frameworks */ = {
			isa = PBXFrameworksBuildPhase;
			buildActionMask = 2147483647;
			files = (
			);
			runOnlyForDeploymentPostprocessing = 0;
		};
/* End PBXFrameworksBuildPhase section */

/* Begin PBXGroup section */
		CE21B42F2A267A83002C5066 = {
			isa = PBXGroup;
			children = (
				CE21B43A2A267A83002C5066 /* CursoTestUnitario */,
				CE21B4512A267A88002C5066 /* CursoTestUnitarioTests */,
				CE21B45B2A267A88002C5066 /* CursoTestUnitarioUITests */,
				CE21B4392A267A83002C5066 /* Products */,
			);
			sourceTree = "<group>";
		};
		CE21B4392A267A83002C5066 /* Products */ = {
			isa = PBXGroup;
			children = (
				CE21B4382A267A83002C5066 /* CursoTestUnitario.app */,
				CE21B44E2A267A88002C5066 /* CursoTestUnitarioTests.xctest */,
				CE21B4582A267A88002C5066 /* CursoTestUnitarioUITests.xctest */,
			);
			name = Products;
			sourceTree = "<group>";
		};
		CE21B43A2A267A83002C5066 /* CursoTestUnitario */ = {
			isa = PBXGroup;
			children = (
				CE21B43B2A267A83002C5066 /* AppDelegate.swift */,
				CE21B43D2A267A83002C5066 /* SceneDelegate.swift */,
				CE21B43F2A267A83002C5066 /* ViewController.swift */,
				CE21B4412A267A83002C5066 /* Main.storyboard */,
				CE21B4442A267A87002C5066 /* Assets.xcassets */,
				CE21B4462A267A87002C5066 /* LaunchScreen.storyboard */,
				CE21B4492A267A88002C5066 /* Info.plist */,
			);
			path = CursoTestUnitario;
			sourceTree = "<group>";
		};
		CE21B4512A267A88002C5066 /* CursoTestUnitarioTests */ = {
			isa = PBXGroup;
			children = (
				CE21B4522A267A88002C5066 /* CursoTestUnitarioTests.swift */,
			);
			path = CursoTestUnitarioTests;
			sourceTree = "<group>";
		};
		CE21B45B2A267A88002C5066 /* CursoTestUnitarioUITests */ = {
			isa = PBXGroup;
			children = (
				CE21B45C2A267A88002C5066 /* CursoTestUnitarioUITests.swift */,
				CE21B45E2A267A88002C5066 /* CursoTestUnitarioUITestsLaunchTests.swift */,
			);
			path = CursoTestUnitarioUITests;
			sourceTree = "<group>";
		};
/* End PBXGroup section */

/* Begin PBXNativeTarget section */
		CE21B4372A267A83002C5066 /* CursoTestUnitario */ = {
			isa = PBXNativeTarget;
			buildConfigurationList = CE21B4622A267A88002C5066 /* Build configuration list for PBXNativeTarget "CursoTestUnitario" */;
			buildPhases = (
				CE21B4342A267A83002C5066 /* Sources */,
				CE21B4352A267A83002C5066 /* Frameworks */,
				CE21B4362A267A83002C5066 /* Resources */,
			);
			buildRules = (
			);
			dependencies = (
			);
			name = CursoTestUnitario;
			productName = CursoTestUnitario;
			productReference = CE21B4382A267A83002C5066 /* CursoTestUnitario.app */;
			productType = "com.apple.product-type.application";
		};
		CE21B44D2A267A88002C5066 /* CursoTestUnitarioTests */ = {
			isa = PBXNativeTarget;
			buildConfigurationList = CE21B4652A267A88002C5066 /* Build configuration list for PBXNativeTarget "CursoTestUnitarioTests" */;
			buildPhases = (
				CE21B44A2A267A88002C5066 /* Sources */,
				CE21B44B2A267A88002C5066 /* Frameworks */,
				CE21B44C2A267A88002C5066 /* Resources */,
			);
			buildRules = (
			);
			dependencies = (
				CE21B4502A267A88002C5066 /* PBXTargetDependency */,
			);
			name = CursoTestUnitarioTests;
			productName = CursoTestUnitarioTests;
			productReference = CE21B44E2A267A88002C5066 /* CursoTestUnitarioTests.xctest */;
			productType = "com.apple.product-type.bundle.unit-test";
		};
		CE21B4572A267A88002C5066 /* CursoTestUnitarioUITests */ = {
			isa = PBXNativeTarget;
			buildConfigurationList = CE21B4682A267A88002C5066 /* Build configuration list for PBXNativeTarget "CursoTestUnitarioUITests" */;
			buildPhases = (
				CE21B4542A267A88002C5066 /* Sources */,
				CE21B4552A267A88002C5066 /* Frameworks */,
				CE21B4562A267A88002C5066 /* Resources */,
			);
			buildRules = (
			);
			dependencies = (
				CE21B45A2A267A88002C5066 /* PBXTargetDependency */,
			);
			name = CursoTestUnitarioUITests;
			productName = CursoTestUnitarioUITests;
			productReference = CE21B4582A267A88002C5066 /* CursoTestUnitarioUITests.xctest */;
			productType = "com.apple.product-type.bundle.ui-testing";
		};
/* End PBXNativeTarget section */

/* Begin PBXProject section */
		CE21B4302A267A83002C5066 /* Project object */ = {
			isa = PBXProject;
			attributes = {
				BuildIndependentTargetsInParallel = 1;
				LastSwiftUpdateCheck = 1330;
				LastUpgradeCheck = 1330;
				TargetAttributes = {
					CE21B4372A267A83002C5066 = {
						CreatedOnToolsVersion = 13.3.1;
					};
					CE21B44D2A267A88002C5066 = {
						CreatedOnToolsVersion = 13.3.1;
						TestTargetID = CE21B4372A267A83002C5066;
					};
					CE21B4572A267A88002C5066 = {
						CreatedOnToolsVersion = 13.3.1;
						TestTargetID = CE21B4372A267A83002C5066;
					};
				};
			};
			buildConfigurationList = CE21B4332A267A83002C5066 /* Build configuration list for PBXProject "CursoTestUnitario" */;
			compatibilityVersion = "Xcode 13.0";
			developmentRegion = en;
			hasScannedForEncodings = 0;
			knownRegions = (
				en,
				Base,
			);
			mainGroup = CE21B42F2A267A83002C5066;
			productRefGroup = CE21B4392A267A83002C5066 /* Products */;
			projectDirPath = "";
			projectRoot = "";
			targets = (
				CE21B4372A267A83002C5066 /* CursoTestUnitario */,
				CE21B44D2A267A88002C5066 /* CursoTestUnitarioTests */,
				CE21B4572A267A88002C5066 /* CursoTestUnitarioUITests */,
			);
		};
/* End PBXProject section */

/* Begin PBXResourcesBuildPhase section */
		CE21B4362A267A83002C5066 /* Resources */ = {
			isa = PBXResourcesBuildPhase;
			buildActionMask = 2147483647;
			files = (
				CE21B4482A267A87002C5066 /* LaunchScreen.storyboard in Resources */,
				CE21B4452A267A87002C5066 /* Assets.xcassets in Resources */,
				CE21B4432A267A83002C5066 /* Main.storyboard in Resources */,
			);
			runOnlyForDeploymentPostprocessing = 0;
		};
		CE21B44C2A267A88002C5066 /* Resources */ = {
			isa = PBXResourcesBuildPhase;
			buildActionMask = 2147483647;
			files = (
			);
			runOnlyForDeploymentPostprocessing = 0;
		};
		CE21B4562A267A88002C5066 /* Resources */ = {
			isa = PBXResourcesBuildPhase;
			buildActionMask = 2147483647;
			files = (
			);
			runOnlyForDeploymentPostprocessing = 0;
		};
/* End PBXResourcesBuildPhase section */

/* Begin PBXSourcesBuildPhase section */
		CE21B4342A267A83002C5066 /* Sources */ = {
			isa = PBXSourcesBuildPhase;
			buildActionMask = 2147483647;
			files = (
				CE21B4402A267A83002C5066 /* ViewController.swift in Sources */,
				CE21B43C2A267A83002C5066 /* AppDelegate.swift in Sources */,
				CE21B43E2A267A83002C5066 /* SceneDelegate.swift in Sources */,
			);
			runOnlyForDeploymentPostprocessing = 0;
		};
		CE21B44A2A267A88002C5066 /* Sources */ = {
			isa = PBXSourcesBuildPhase;
			buildActionMask = 2147483647;
			files = (
				CE21B4532A267A88002C5066 /* CursoTestUnitarioTests.swift in Sources */,
			);
			runOnlyForDeploymentPostprocessing = 0;
		};
		CE21B4542A267A88002C5066 /* Sources */ = {
			isa = PBXSourcesBuildPhase;
			buildActionMask = 2147483647;
			files = (
				CE21B45F2A267A88002C5066 /* CursoTestUnitarioUITestsLaunchTests.swift in Sources */,
				CE21B45D2A267A88002C5066 /* CursoTestUnitarioUITests.swift in Sources */,
			);
			runOnlyForDeploymentPostprocessing = 0;
		};
/* End PBXSourcesBuildPhase section */

/* Begin PBXTargetDependency section */
		CE21B4502A267A88002C5066 /* PBXTargetDependency */ = {
			isa = PBXTargetDependency;
			target = CE21B4372A267A83002C5066 /* CursoTestUnitario */;
			targetProxy = CE21B44F2A267A88002C5066 /* PBXContainerItemProxy */;
		};
		CE21B45A2A267A88002C5066 /* PBXTargetDependency */ = {
			isa = PBXTargetDependency;
			target = CE21B4372A267A83002C5066 /* CursoTestUnitario */;
			targetProxy = CE21B4592A267A88002C5066 /* PBXContainerItemProxy */;
		};
/* End PBXTargetDependency section */

/* Begin PBXVariantGroup section */
		CE21B4412A267A83002C5066 /* Main.storyboard */ = {
			isa = PBXVariantGroup;
			children = (
				CE21B4422A267A83002C5066 /* Base */,
			);
			name = Main.storyboard;
			sourceTree = "<group>";
		};
		CE21B4462A267A87002C5066 /* LaunchScreen.storyboard */ = {
			isa = PBXVariantGroup;
			children = (
				CE21B4472A267A87002C5066 /* Base */,
			);
			name = LaunchScreen.storyboard;
			sourceTree = "<group>";
		};
/* End PBXVariantGroup section */

/* Begin XCBuildConfiguration section */
		CE21B4602A267A88002C5066 /* Debug */ = {
			isa = XCBuildConfiguration;
			buildSettings = {
				ALWAYS_SEARCH_USER_PATHS = NO;
				CLANG_ANALYZER_NONNULL = YES;
				CLANG_ANALYZER_NUMBER_OBJECT_CONVERSION = YES_AGGRESSIVE;
				CLANG_CXX_LANGUAGE_STANDARD = "gnu++17";
				CLANG_ENABLE_MODULES = YES;
				CLANG_ENABLE_OBJC_ARC = YES;
				CLANG_ENABLE_OBJC_WEAK = YES;
				CLANG_WARN_BLOCK_CAPTURE_AUTORELEASING = YES;
				CLANG_WARN_BOOL_CONVERSION = YES;
				CLANG_WARN_COMMA = YES;
				CLANG_WARN_CONSTANT_CONVERSION = YES;
				CLANG_WARN_DEPRECATED_OBJC_IMPLEMENTATIONS = YES;
				CLANG_WARN_DIRECT_OBJC_ISA_USAGE = YES_ERROR;
				CLANG_WARN_DOCUMENTATION_COMMENTS = YES;
				CLANG_WARN_EMPTY_BODY = YES;
				CLANG_WARN_ENUM_CONVERSION = YES;
				CLANG_WARN_INFINITE_RECURSION = YES;
				CLANG_WARN_INT_CONVERSION = YES;
				CLANG_WARN_NON_LITERAL_NULL_CONVERSION = YES;
				CLANG_WARN_OBJC_IMPLICIT_RETAIN_SELF = YES;
				CLANG_WARN_OBJC_LITERAL_CONVERSION = YES;
				CLANG_WARN_OBJC_ROOT_CLASS = YES_ERROR;
				CLANG_WARN_QUOTED_INCLUDE_IN_FRAMEWORK_HEADER = YES;
				CLANG_WARN_RANGE_LOOP_ANALYSIS = YES;
				CLANG_WARN_STRICT_PROTOTYPES = YES;
				CLANG_WARN_SUSPICIOUS_MOVE = YES;
				CLANG_WARN_UNGUARDED_AVAILABILITY = YES_AGGRESSIVE;
				CLANG_WARN_UNREACHABLE_CODE = YES;
				CLANG_WARN__DUPLICATE_METHOD_MATCH = YES;
				COPY_PHASE_STRIP = NO;
				DEBUG_INFORMATION_FORMAT = dwarf;
				ENABLE_STRICT_OBJC_MSGSEND = YES;
				ENABLE_TESTABILITY = YES;
				GCC_C_LANGUAGE_STANDARD = gnu11;
				GCC_DYNAMIC_NO_PIC = NO;
				GCC_NO_COMMON_BLOCKS = YES;
				GCC_OPTIMIZATION_LEVEL = 0;
				GCC_PREPROCESSOR_DEFINITIONS = (
					"DEBUG=1",
					"$(inherited)",
				);
				GCC_WARN_64_TO_32_BIT_CONVERSION = YES;
				GCC_WARN_ABOUT_RETURN_TYPE = YES_ERROR;
				GCC_WARN_UNDECLARED_SELECTOR = YES;
				GCC_WARN_UNINITIALIZED_AUTOS = YES_AGGRESSIVE;
				GCC_WARN_UNUSED_FUNCTION = YES;
				GCC_WARN_UNUSED_VARIABLE = YES;
				IPHONEOS_DEPLOYMENT_TARGET = 15.4;
				MTL_ENABLE_DEBUG_INFO = INCLUDE_SOURCE;
				MTL_FAST_MATH = YES;
				ONLY_ACTIVE_ARCH = YES;
				SDKROOT = iphoneos;
				SWIFT_ACTIVE_COMPILATION_CONDITIONS = DEBUG;
				SWIFT_OPTIMIZATION_LEVEL = "-Onone";
			};
			name = Debug;
		};
		CE21B4612A267A88002C5066 /* Release */ = {
			isa = XCBuildConfiguration;
			buildSettings = {
				ALWAYS_SEARCH_USER_PATHS = NO;
				CLANG_ANALYZER_NONNULL = YES;
				CLANG_ANALYZER_NUMBER_OBJECT_CONVERSION = YES_AGGRESSIVE;
				CLANG_CXX_LANGUAGE_STANDARD = "gnu++17";
				CLANG_ENABLE_MODULES = YES;
				CLANG_ENABLE_OBJC_ARC = YES;
				CLANG_ENABLE_OBJC_WEAK = YES;
				CLANG_WARN_BLOCK_CAPTURE_AUTORELEASING = YES;
				CLANG_WARN_BOOL_CONVERSION = YES;
				CLANG_WARN_COMMA = YES;
				CLANG_WARN_CONSTANT_CONVERSION = YES;
				CLANG_WARN_DEPRECATED_OBJC_IMPLEMENTATIONS = YES;
				CLANG_WARN_DIRECT_OBJC_ISA_USAGE = YES_ERROR;
				CLANG_WARN_DOCUMENTATION_COMMENTS = YES;
				CLANG_WARN_EMPTY_BODY = YES;
				CLANG_WARN_ENUM_CONVERSION = YES;
				CLANG_WARN_INFINITE_RECURSION = YES;
				CLANG_WARN_INT_CONVERSION = YES;
				CLANG_WARN_NON_LITERAL_NULL_CONVERSION = YES;
				CLANG_WARN_OBJC_IMPLICIT_RETAIN_SELF = YES;
				CLANG_WARN_OBJC_LITERAL_CONVERSION = YES;
				CLANG_WARN_OBJC_ROOT_CLASS = YES_ERROR;
				CLANG_WARN_QUOTED_INCLUDE_IN_FRAMEWORK_HEADER = YES;
				CLANG_WARN_RANGE_LOOP_ANALYSIS = YES;
				CLANG_WARN_STRICT_PROTOTYPES = YES;
				CLANG_WARN_SUSPICIOUS_MOVE = YES;
				CLANG_WARN_UNGUARDED_AVAILABILITY = YES_AGGRESSIVE;
				CLANG_WARN_UNREACHABLE_CODE = YES;
				CLANG_WARN__DUPLICATE_METHOD_MATCH = YES;
				COPY_PHASE_STRIP = NO;
				DEBUG_INFORMATION_FORMAT = "dwarf-with-dsym";
				ENABLE_NS_ASSERTIONS = NO;
				ENABLE_STRICT_OBJC_MSGSEND = YES;
				GCC_C_LANGUAGE_STANDARD = gnu11;
				GCC_NO_COMMON_BLOCKS = YES;
				GCC_WARN_64_TO_32_BIT_CONVERSION = YES;
				GCC_WARN_ABOUT_RETURN_TYPE = YES_ERROR;
				GCC_WARN_UNDECLARED_SELECTOR = YES;
				GCC_WARN_UNINITIALIZED_AUTOS = YES_AGGRESSIVE;
				GCC_WARN_UNUSED_FUNCTION = YES;
				GCC_WARN_UNUSED_VARIABLE = YES;
				IPHONEOS_DEPLOYMENT_TARGET = 15.4;
				MTL_ENABLE_DEBUG_INFO = NO;
				MTL_FAST_MATH = YES;
				SDKROOT = iphoneos;
				SWIFT_COMPILATION_MODE = wholemodule;
				SWIFT_OPTIMIZATION_LEVEL = "-O";
				VALIDATE_PRODUCT = YES;
			};
			name = Release;
		};
		CE21B4632A267A88002C5066 /* Debug */ = {
			isa = XCBuildConfiguration;
			buildSettings = {
				ASSETCATALOG_COMPILER_APPICON_NAME = AppIcon;
				ASSETCATALOG_COMPILER_GLOBAL_ACCENT_COLOR_NAME = AccentColor;
				CODE_SIGN_STYLE = Automatic;
				CURRENT_PROJECT_VERSION = 1;
				DEVELOPMENT_TEAM = 96BGR9J6TU;
				GENERATE_INFOPLIST_FILE = YES;
				INFOPLIST_FILE = CursoTestUnitario/Info.plist;
				INFOPLIST_KEY_UIApplicationSupportsIndirectInputEvents = YES;
				INFOPLIST_KEY_UILaunchStoryboardName = LaunchScreen;
				INFOPLIST_KEY_UIMainStoryboardFile = Main;
				INFOPLIST_KEY_UISupportedInterfaceOrientations_iPad = "UIInterfaceOrientationPortrait UIInterfaceOrientationPortraitUpsideDown UIInterfaceOrientationLandscapeLeft UIInterfaceOrientationLandscapeRight";
				INFOPLIST_KEY_UISupportedInterfaceOrientations_iPhone = "UIInterfaceOrientationPortrait UIInterfaceOrientationLandscapeLeft UIInterfaceOrientationLandscapeRight";
				LD_RUNPATH_SEARCH_PATHS = (
					"$(inherited)",
					"@executable_path/Frameworks",
				);
				MARKETING_VERSION = 1.0;
				PRODUCT_BUNDLE_IDENTIFIER = com.pedroroca.CursoTestUnitario;
				PRODUCT_NAME = "$(TARGET_NAME)";
				SWIFT_EMIT_LOC_STRINGS = YES;
				SWIFT_VERSION = 5.0;
				TARGETED_DEVICE_FAMILY = "1,2";
			};
			name = Debug;
		};
		CE21B4642A267A88002C5066 /* Release */ = {
			isa = XCBuildConfiguration;
			buildSettings = {
				ASSETCATALOG_COMPILER_APPICON_NAME = AppIcon;
				ASSETCATALOG_COMPILER_GLOBAL_ACCENT_COLOR_NAME = AccentColor;
				CODE_SIGN_STYLE = Automatic;
				CURRENT_PROJECT_VERSION = 1;
				DEVELOPMENT_TEAM = 96BGR9J6TU;
				GENERATE_INFOPLIST_FILE = YES;
				INFOPLIST_FILE = CursoTestUnitario/Info.plist;
				INFOPLIST_KEY_UIApplicationSupportsIndirectInputEvents = YES;
				INFOPLIST_KEY_UILaunchStoryboardName = LaunchScreen;
				INFOPLIST_KEY_UIMainStoryboardFile = Main;
				INFOPLIST_KEY_UISupportedInterfaceOrientations_iPad = "UIInterfaceOrientationPortrait UIInterfaceOrientationPortraitUpsideDown UIInterfaceOrientationLandscapeLeft UIInterfaceOrientationLandscapeRight";
				INFOPLIST_KEY_UISupportedInterfaceOrientations_iPhone = "UIInterfaceOrientationPortrait UIInterfaceOrientationLandscapeLeft UIInterfaceOrientationLandscapeRight";
				LD_RUNPATH_SEARCH_PATHS = (
					"$(inherited)",
					"@executable_path/Frameworks",
				);
				MARKETING_VERSION = 1.0;
				PRODUCT_BUNDLE_IDENTIFIER = com.pedroroca.CursoTestUnitario;
				PRODUCT_NAME = "$(TARGET_NAME)";
				SWIFT_EMIT_LOC_STRINGS = YES;
				SWIFT_VERSION = 5.0;
				TARGETED_DEVICE_FAMILY = "1,2";
			};
			name = Release;
		};
		CE21B4662A267A88002C5066 /* Debug */ = {
			isa = XCBuildConfiguration;
			buildSettings = {
				ALWAYS_EMBED_SWIFT_STANDARD_LIBRARIES = YES;
				BUNDLE_LOADER = "$(TEST_HOST)";
				CODE_SIGN_STYLE = Automatic;
				CURRENT_PROJECT_VERSION = 1;
				DEVELOPMENT_TEAM = 96BGR9J6TU;
				GENERATE_INFOPLIST_FILE = YES;
				IPHONEOS_DEPLOYMENT_TARGET = 15.4;
				MARKETING_VERSION = 1.0;
				PRODUCT_BUNDLE_IDENTIFIER = com.pedroroca.CursoTestUnitarioTests;
				PRODUCT_NAME = "$(TARGET_NAME)";
				SWIFT_EMIT_LOC_STRINGS = NO;
				SWIFT_VERSION = 5.0;
				TARGETED_DEVICE_FAMILY = "1,2";
				TEST_HOST = "$(BUILT_PRODUCTS_DIR)/CursoTestUnitario.app/CursoTestUnitario";
			};
			name = Debug;
		};
		CE21B4672A267A88002C5066 /* Release */ = {
			isa = XCBuildConfiguration;
			buildSettings = {
				ALWAYS_EMBED_SWIFT_STANDARD_LIBRARIES = YES;
				BUNDLE_LOADER = "$(TEST_HOST)";
				CODE_SIGN_STYLE = Automatic;
				CURRENT_PROJECT_VERSION = 1;
				DEVELOPMENT_TEAM = 96BGR9J6TU;
				GENERATE_INFOPLIST_FILE = YES;
				IPHONEOS_DEPLOYMENT_TARGET = 15.4;
				MARKETING_VERSION = 1.0;
				PRODUCT_BUNDLE_IDENTIFIER = com.pedroroca.CursoTestUnitarioTests;
				PRODUCT_NAME = "$(TARGET_NAME)";
				SWIFT_EMIT_LOC_STRINGS = NO;
				SWIFT_VERSION = 5.0;
				TARGETED_DEVICE_FAMILY = "1,2";
				TEST_HOST = "$(BUILT_PRODUCTS_DIR)/CursoTestUnitario.app/CursoTestUnitario";
			};
			name = Release;
		};
		CE21B4692A267A88002C5066 /* Debug */ = {
			isa = XCBuildConfiguration;
			buildSettings = {
				ALWAYS_EMBED_SWIFT_STANDARD_LIBRARIES = YES;
				CODE_SIGN_STYLE = Automatic;
				CURRENT_PROJECT_VERSION = 1;
				DEVELOPMENT_TEAM = 96BGR9J6TU;
				GENERATE_INFOPLIST_FILE = YES;
				MARKETING_VERSION = 1.0;
				PRODUCT_BUNDLE_IDENTIFIER = com.pedroroca.CursoTestUnitarioUITests;
				PRODUCT_NAME = "$(TARGET_NAME)";
				SWIFT_EMIT_LOC_STRINGS = NO;
				SWIFT_VERSION = 5.0;
				TARGETED_DEVICE_FAMILY = "1,2";
				TEST_TARGET_NAME = CursoTestUnitario;
			};
			name = Debug;
		};
		CE21B46A2A267A88002C5066 /* Release */ = {
			isa = XCBuildConfiguration;
			buildSettings = {
				ALWAYS_EMBED_SWIFT_STANDARD_LIBRARIES = YES;
				CODE_SIGN_STYLE = Automatic;
				CURRENT_PROJECT_VERSION = 1;
				DEVELOPMENT_TEAM = 96BGR9J6TU;
				GENERATE_INFOPLIST_FILE = YES;
				MARKETING_VERSION = 1.0;
				PRODUCT_BUNDLE_IDENTIFIER = com.pedroroca.CursoTestUnitarioUITests;
				PRODUCT_NAME = "$(TARGET_NAME)";
				SWIFT_EMIT_LOC_STRINGS = NO;
				SWIFT_VERSION = 5.0;
				TARGETED_DEVICE_FAMILY = "1,2";
				TEST_TARGET_NAME = CursoTestUnitario;
			};
			name = Release;
		};
/* End XCBuildConfiguration section */

/* Begin XCConfigurationList section */
		CE21B4332A267A83002C5066 /* Build configuration list for PBXProject "CursoTestUnitario" */ = {
			isa = XCConfigurationList;
			buildConfigurations = (
				CE21B4602A267A88002C5066 /* Debug */,
				CE21B4612A267A88002C5066 /* Release */,
			);
			defaultConfigurationIsVisible = 0;
			defaultConfigurationName = Release;
		};
		CE21B4622A267A88002C5066 /* Build configuration list for PBXNativeTarget "CursoTestUnitario" */ = {
			isa = XCConfigurationList;
			buildConfigurations = (
				CE21B4632A267A88002C5066 /* Debug */,
				CE21B4642A267A88002C5066 /* Release */,
			);
			defaultConfigurationIsVisible = 0;
			defaultConfigurationName = Release;
		};
		CE21B4652A267A88002C5066 /* Build configuration list for PBXNativeTarget "CursoTestUnitarioTests" */ = {
			isa = XCConfigurationList;
			buildConfigurations = (
				CE21B4662A267A88002C5066 /* Debug */,
				CE21B4672A267A88002C5066 /* Release */,
			);
			defaultConfigurationIsVisible = 0;
			defaultConfigurationName = Release;
		};
		CE21B4682A267A88002C5066 /* Build configuration list for PBXNativeTarget "CursoTestUnitarioUITests" */ = {
			isa = XCConfigurationList;
			buildConfigurations = (
				CE21B4692A267A88002C5066 /* Debug */,
				CE21B46A2A267A88002C5066 /* Release */,
			);
			defaultConfigurationIsVisible = 0;
			defaultConfigurationName = Release;
		};
/* End XCConfigurationList section */
	};
	rootObject = CE21B4302A267A83002C5066 /* Project object */;
}
